
Microsoft Visual Studio Solution File, Format Version 12.00
# Visual Studio 15
VisualStudioVersion = 15.0.28307.852
MinimumVisualStudioVersion = 10.0.40219.1
Project("{FAE04EC0-301F-11D3-BF4B-00C04F79EFBC}") = "Serveur", "Serveur\Serveur.csproj", "{FE613A46-6A2F-4C3C-BFC3-D70169A28AA0}"
EndProject
Project("{FAE04EC0-301F-11D3-BF4B-00C04F79EFBC}") = "Client", "Client\Client.csproj", "{00792353-E1A0-48AB-9314-7A07031D0A98}"
EndProject
Project("{FAE04EC0-301F-11D3-BF4B-00C04F79EFBC}") = "Test", "Test\Test.csproj", "{853717D9-D831-46A1-A95B-30D7E0049036}"
EndProject
Global
	GlobalSection(SolutionConfigurationPlatforms) = preSolution
		Debug|Any CPU = Debug|Any CPU
		Debug|x64 = Debug|x64
		Debug|x86 = Debug|x86
		Release|Any CPU = Release|Any CPU
		Release|x64 = Release|x64
		Release|x86 = Release|x86
	EndGlobalSection
	GlobalSection(ProjectConfigurationPlatforms) = postSolution
		{FE613A46-6A2F-4C3C-BFC3-D70169A28AA0}.Debug|Any CPU.ActiveCfg = Debug|Any CPU
		{FE613A46-6A2F-4C3C-BFC3-D70169A28AA0}.Debug|Any CPU.Build.0 = Debug|Any CPU
		{FE613A46-6A2F-4C3C-BFC3-D70169A28AA0}.Debug|x64.ActiveCfg = Debug|Any CPU
		{FE613A46-6A2F-4C3C-BFC3-D70169A28AA0}.Debug|x64.Build.0 = Debug|Any CPU
		{FE613A46-6A2F-4C3C-BFC3-D70169A28AA0}.Debug|x86.ActiveCfg = Debug|Any CPU
		{FE613A46-6A2F-4C3C-BFC3-D70169A28AA0}.Debug|x86.Build.0 = Debug|Any CPU
		{FE613A46-6A2F-4C3C-BFC3-D70169A28AA0}.Release|Any CPU.ActiveCfg = Release|Any CPU
		{FE613A46-6A2F-4C3C-BFC3-D70169A28AA0}.Release|Any CPU.Build.0 = Release|Any CPU
		{FE613A46-6A2F-4C3C-BFC3-D70169A28AA0}.Release|x64.ActiveCfg = Release|Any CPU
		{FE613A46-6A2F-4C3C-BFC3-D70169A28AA0}.Release|x64.Build.0 = Release|Any CPU
		{FE613A46-6A2F-4C3C-BFC3-D70169A28AA0}.Release|x86.ActiveCfg = Release|Any CPU
		{FE613A46-6A2F-4C3C-BFC3-D70169A28AA0}.Release|x86.Build.0 = Release|Any CPU
		{00792353-E1A0-48AB-9314-7A07031D0A98}.Debug|Any CPU.ActiveCfg = Debug|Any CPU
		{00792353-E1A0-48AB-9314-7A07031D0A98}.Debug|Any CPU.Build.0 = Debug|Any CPU
		{00792353-E1A0-48AB-9314-7A07031D0A98}.Debug|x64.ActiveCfg = Debug|Any CPU
		{00792353-E1A0-48AB-9314-7A07031D0A98}.Debug|x64.Build.0 = Debug|Any CPU
		{00792353-E1A0-48AB-9314-7A07031D0A98}.Debug|x86.ActiveCfg = Debug|Any CPU
		{00792353-E1A0-48AB-9314-7A07031D0A98}.Debug|x86.Build.0 = Debug|Any CPU
		{00792353-E1A0-48AB-9314-7A07031D0A98}.Release|Any CPU.ActiveCfg = Release|Any CPU
		{00792353-E1A0-48AB-9314-7A07031D0A98}.Release|Any CPU.Build.0 = Release|Any CPU
		{00792353-E1A0-48AB-9314-7A07031D0A98}.Release|x64.ActiveCfg = Release|Any CPU
		{00792353-E1A0-48AB-9314-7A07031D0A98}.Release|x64.Build.0 = Release|Any CPU
		{00792353-E1A0-48AB-9314-7A07031D0A98}.Release|x86.ActiveCfg = Release|Any CPU
		{00792353-E1A0-48AB-9314-7A07031D0A98}.Release|x86.Build.0 = Release|Any CPU
		{853717D9-D831-46A1-A95B-30D7E0049036}.Debug|Any CPU.ActiveCfg = Debug|Any CPU
		{853717D9-D831-46A1-A95B-30D7E0049036}.Debug|Any CPU.Build.0 = Debug|Any CPU
		{853717D9-D831-46A1-A95B-30D7E0049036}.Debug|x64.ActiveCfg = Debug|Any CPU
		{853717D9-D831-46A1-A95B-30D7E0049036}.Debug|x64.Build.0 = Debug|Any CPU
		{853717D9-D831-46A1-A95B-30D7E0049036}.Debug|x86.ActiveCfg = Debug|Any CPU
		{853717D9-D831-46A1-A95B-30D7E0049036}.Debug|x86.Build.0 = Debug|Any CPU
		{853717D9-D831-46A1-A95B-30D7E0049036}.Release|Any CPU.ActiveCfg = Release|Any CPU
		{853717D9-D831-46A1-A95B-30D7E0049036}.Release|Any CPU.Build.0 = Release|Any CPU
		{853717D9-D831-46A1-A95B-30D7E0049036}.Release|x64.ActiveCfg = Release|Any CPU
		{853717D9-D831-46A1-A95B-30D7E0049036}.Release|x64.Build.0 = Release|Any CPU
		{853717D9-D831-46A1-A95B-30D7E0049036}.Release|x86.ActiveCfg = Release|Any CPU
		{853717D9-D831-46A1-A95B-30D7E0049036}.Release|x86.Build.0 = Release|Any CPU
	EndGlobalSection
	GlobalSection(SolutionProperties) = preSolution
		HideSolutionNode = FALSE
	EndGlobalSection
	GlobalSection(ExtensibilityGlobals) = postSolution
		SolutionGuid = {658B326C-B1DB-461E-B3D2-E4847AFB72AB}
	EndGlobalSection
EndGlobal
