
Microsoft Visual Studio Solution File, Format Version 12.00
# Visual Studio 15
VisualStudioVersion = 15.0.28307.852
MinimumVisualStudioVersion = 10.0.40219.1
Project("{FAE04EC0-301F-11D3-BF4B-00C04F79EFBC}") = "Client", "ConsoleApp1\Client.csproj", "{2E1C1258-01C8-4205-B920-3AF6A87F55EF}"
EndProject
Project("{FAE04EC0-301F-11D3-BF4B-00C04F79EFBC}") = "Serveur", "Serveur\Serveur.csproj", "{FE613A46-6A2F-4C3C-BFC3-D70169A28AA0}"
EndProject
Project("{FAE04EC0-301F-11D3-BF4B-00C04F79EFBC}") = "Client2", "Client2\Client2.csproj", "{DE398305-8490-45E2-AE2D-9712A4845DC9}"
EndProject
Global
	GlobalSection(SolutionConfigurationPlatforms) = preSolution
		Debug|Any CPU = Debug|Any CPU
		Release|Any CPU = Release|Any CPU
	EndGlobalSection
	GlobalSection(ProjectConfigurationPlatforms) = postSolution
		{2E1C1258-01C8-4205-B920-3AF6A87F55EF}.Debug|Any CPU.ActiveCfg = Debug|Any CPU
		{2E1C1258-01C8-4205-B920-3AF6A87F55EF}.Debug|Any CPU.Build.0 = Debug|Any CPU
		{2E1C1258-01C8-4205-B920-3AF6A87F55EF}.Release|Any CPU.ActiveCfg = Release|Any CPU
		{2E1C1258-01C8-4205-B920-3AF6A87F55EF}.Release|Any CPU.Build.0 = Release|Any CPU
		{FE613A46-6A2F-4C3C-BFC3-D70169A28AA0}.Debug|Any CPU.ActiveCfg = Debug|Any CPU
		{FE613A46-6A2F-4C3C-BFC3-D70169A28AA0}.Debug|Any CPU.Build.0 = Debug|Any CPU
		{FE613A46-6A2F-4C3C-BFC3-D70169A28AA0}.Release|Any CPU.ActiveCfg = Release|Any CPU
		{FE613A46-6A2F-4C3C-BFC3-D70169A28AA0}.Release|Any CPU.Build.0 = Release|Any CPU
		{DE398305-8490-45E2-AE2D-9712A4845DC9}.Debug|Any CPU.ActiveCfg = Debug|Any CPU
		{DE398305-8490-45E2-AE2D-9712A4845DC9}.Debug|Any CPU.Build.0 = Debug|Any CPU
		{DE398305-8490-45E2-AE2D-9712A4845DC9}.Release|Any CPU.ActiveCfg = Release|Any CPU
		{DE398305-8490-45E2-AE2D-9712A4845DC9}.Release|Any CPU.Build.0 = Release|Any CPU
	EndGlobalSection
	GlobalSection(SolutionProperties) = preSolution
		HideSolutionNode = FALSE
	EndGlobalSection
	GlobalSection(ExtensibilityGlobals) = postSolution
		SolutionGuid = {658B326C-B1DB-461E-B3D2-E4847AFB72AB}
	EndGlobalSection
EndGlobal
