
Microsoft Visual Studio Solution File, Format Version 12.00
# Visual Studio Version 16
VisualStudioVersion = 16.0.29306.81
MinimumVisualStudioVersion = 10.0.40219.1
Project("{FAE04EC0-301F-11D3-BF4B-00C04F79EFBC}") = "regleJeu", "regleJeu\regleJeu.csproj", "{622664AF-8830-4EA6-9BC6-90C23F661699}"
EndProject
Global
	GlobalSection(SolutionConfigurationPlatforms) = preSolution
		Debug|Any CPU = Debug|Any CPU
		Release|Any CPU = Release|Any CPU
	EndGlobalSection
	GlobalSection(ProjectConfigurationPlatforms) = postSolution
		{622664AF-8830-4EA6-9BC6-90C23F661699}.Debug|Any CPU.ActiveCfg = Debug|Any CPU
		{622664AF-8830-4EA6-9BC6-90C23F661699}.Debug|Any CPU.Build.0 = Debug|Any CPU
		{622664AF-8830-4EA6-9BC6-90C23F661699}.Release|Any CPU.ActiveCfg = Release|Any CPU
		{622664AF-8830-4EA6-9BC6-90C23F661699}.Release|Any CPU.Build.0 = Release|Any CPU
	EndGlobalSection
	GlobalSection(SolutionProperties) = preSolution
		HideSolutionNode = FALSE
	EndGlobalSection
	GlobalSection(ExtensibilityGlobals) = postSolution
		SolutionGuid = {7E11F570-350B-4ABA-8D00-752CC4E3C844}
	EndGlobalSection
EndGlobal
